{
  "name": "sample",
  "version": "1.0.0",
  "lockfileVersion": 3,
  "requires": true,
  "packages": {
    "": {
      "name": "sample",
      "version": "1.0.0",
      "license": "ISC",
      "dependencies": {
        "@webtui/css": "^0.1.10",
        "@webtui/plugin-declarative-layout": "^0.0.1",
        "@webtui/plugin-nf": "^0.1.2",
        "@webtui/theme-catppuccin": "^0.0.5",
        "@webtui/theme-everforest": "^0.0.5",
        "@webtui/theme-gruvbox": "^0.0.3",
        "@webtui/theme-nord": "^0.0.4",
        "@webtui/theme-osmium": "^0.0.1",
        "@webtui/theme-vitesse": "^0.0.3"
      }
    },
    "node_modules/@webtui/css": {
      "version": "0.1.10",
      "resolved": "https://registry.npmjs.org/@webtui/css/-/css-0.1.10.tgz",
      "integrity": "sha512-iovJnGDbhi0vaaOjpG+i56HGKx5hHls8JhhQxwPTl5b5ddce7PO+r7F+S4EObYjQlaa1RfClahkmpiNF+R8y8w==",
      "license": "MIT"
    },
    "node_modules/@webtui/plugin-declarative-layout": {
      "version": "0.0.1",
      "resolved": "https://registry.npmjs.org/@webtui/plugin-declarative-layout/-/plugin-declarative-layout-0.0.1.tgz",
      "integrity": "sha512-rKaTLh8cWaQWBPc6YM6hZxFiWmMoYBLiMlzFUw6gt75ij3aIv3IZ9lzId+lJ4mx5FYxGJrtrinQVoL77IHEkOA==",
      "license": "MIT"
    },
    "node_modules/@webtui/plugin-nf": {
      "version": "0.1.2",
      "resolved": "https://registry.npmjs.org/@webtui/plugin-nf/-/plugin-nf-0.1.2.tgz",
      "integrity": "sha512-jLvg6ay1T6oXgaVR2qqBUNFIRxgajY0CruGfYww9d1a7myDnCbkKgUjKlOD7NDnrlQhTvl/ul0J45AUHNC3UDg==",
      "license": "MIT"
    },
    "node_modules/@webtui/theme-catppuccin": {
      "version": "0.0.5",
      "resolved": "https://registry.npmjs.org/@webtui/theme-catppuccin/-/theme-catppuccin-0.0.5.tgz",
      "integrity": "sha512-Lpq6vC1pcvaszLynCpoSd96GpyzumdLGeB7eFaxBRbIbgV4YjiICZuwzi4wsT4FlWrpsefaBg5jN3UHs+wLU2Q==",
      "license": "MIT"
    },
    "node_modules/@webtui/theme-everforest": {
      "version": "0.0.5",
      "resolved": "https://registry.npmjs.org/@webtui/theme-everforest/-/theme-everforest-0.0.5.tgz",
      "integrity": "sha512-hRMTMqSc+pLa1l1uYK22hAfkidNBfiTDwcJ7X/nULyArsp/F2CjXjBG0118re5rS8HZTVF9F6TkpHsqVpisw2Q==",
      "license": "MIT"
    },
    "node_modules/@webtui/theme-gruvbox": {
      "version": "0.0.3",
      "resolved": "https://registry.npmjs.org/@webtui/theme-gruvbox/-/theme-gruvbox-0.0.3.tgz",
      "integrity": "sha512-b2Iep/Vg1a/L3VNS4GwSuSdZ/Nn051bnWuHZZTX1ULwz7KBFeyyIDaHqu0vUdiCdVORj/WWdgHLkOyiJ5wEzCA==",
      "license": "MIT"
    },
    "node_modules/@webtui/theme-nord": {
      "version": "0.0.4",
      "resolved": "https://registry.npmjs.org/@webtui/theme-nord/-/theme-nord-0.0.4.tgz",
      "integrity": "sha512-4nFRz38hsbPGv4A6mPBz4jbbNJhleEXsJS39F6yxBzVHbYHZHQDcB7fI8vbN95lubWbN6k6mya+lf014LmRorQ==",
      "license": "MIT"
    },
    "node_modules/@webtui/theme-osmium": {
      "version": "0.0.1",
      "resolved": "https://registry.npmjs.org/@webtui/theme-osmium/-/theme-osmium-0.0.1.tgz",
      "integrity": "sha512-Jc4haCzEDwF2mKeRfsrqg9iGoOEofUPSslpwVfdjy3YT7gqX1kMWRqMB83YcaS6FsbEmNKvs8q8/l6GXyFgZRQ==",
      "license": "MIT"
    },
    "node_modules/@webtui/theme-vitesse": {
      "version": "0.0.3",
      "resolved": "https://registry.npmjs.org/@webtui/theme-vitesse/-/theme-vitesse-0.0.3.tgz",
      "integrity": "sha512-PfxWjDuVzO2GwxaoCaUeg9K4FHWA1PBdWdkiplUeOm/Ra0Rf4WCx5fbC2nlon+GzXC1N1BxdA09peBaluJftlA==",
      "license": "MIT"
    }
  }
}
